
Microsoft Visual Studio Solution File, Format Version 12.00
# Visual Studio Version 17
VisualStudioVersion = 17.0.32014.148
MinimumVisualStudioVersion = 10.0.40219.1
Project("{9A19103F-16F7-4668-BE54-9A1E7A4F7556}") = "CashRegister.Web", "CashRegister.Web\CashRegister.Web.csproj", "{9A352DF8-C532-48D3-BE26-164014AAAD5C}"
EndProject
Project("{9A19103F-16F7-4668-BE54-9A1E7A4F7556}") = "CashRegister.Domain", "CashRegister.Domain\CashRegister.Domain.csproj", "{FA497149-E684-4593-AF5E-BD32331A54A6}"
EndProject
Project("{9A19103F-16F7-4668-BE54-9A1E7A4F7556}") = "CashRegister.Test", "CashRegister.Test\CashRegister.Test.csproj", "{BC1088A9-D8CA-4155-BB4D-61AEB9CC6047}"
EndProject
Project("{9A19103F-16F7-4668-BE54-9A1E7A4F7556}") = "CashRegister.Data", "CashRegister.Data\CashRegister.Data.csproj", "{B3C32C2C-58FA-4579-A46F-19A05C3E8992}"
EndProject
Project("{9A19103F-16F7-4668-BE54-9A1E7A4F7556}") = "CashRegister.Services", "CashRegister.Services\CashRegister.Services.csproj", "{07D4106E-4F6E-4449-8637-80C19E1D547E}"
EndProject
Global
	GlobalSection(SolutionConfigurationPlatforms) = preSolution
		Debug|Any CPU = Debug|Any CPU
		Debug|x64 = Debug|x64
		Release|Any CPU = Release|Any CPU
		Release|x64 = Release|x64
	EndGlobalSection
	GlobalSection(ProjectConfigurationPlatforms) = postSolution
		{9A352DF8-C532-48D3-BE26-164014AAAD5C}.Debug|Any CPU.ActiveCfg = Debug|Any CPU
		{9A352DF8-C532-48D3-BE26-164014AAAD5C}.Debug|Any CPU.Build.0 = Debug|Any CPU
		{9A352DF8-C532-48D3-BE26-164014AAAD5C}.Debug|x64.ActiveCfg = Debug|x64
		{9A352DF8-C532-48D3-BE26-164014AAAD5C}.Debug|x64.Build.0 = Debug|x64
		{9A352DF8-C532-48D3-BE26-164014AAAD5C}.Release|Any CPU.ActiveCfg = Release|Any CPU
		{9A352DF8-C532-48D3-BE26-164014AAAD5C}.Release|Any CPU.Build.0 = Release|Any CPU
		{9A352DF8-C532-48D3-BE26-164014AAAD5C}.Release|x64.ActiveCfg = Release|x64
		{9A352DF8-C532-48D3-BE26-164014AAAD5C}.Release|x64.Build.0 = Release|x64
		{FA497149-E684-4593-AF5E-BD32331A54A6}.Debug|Any CPU.ActiveCfg = Debug|Any CPU
		{FA497149-E684-4593-AF5E-BD32331A54A6}.Debug|Any CPU.Build.0 = Debug|Any CPU
		{FA497149-E684-4593-AF5E-BD32331A54A6}.Debug|x64.ActiveCfg = Debug|Any CPU
		{FA497149-E684-4593-AF5E-BD32331A54A6}.Debug|x64.Build.0 = Debug|Any CPU
		{FA497149-E684-4593-AF5E-BD32331A54A6}.Release|Any CPU.ActiveCfg = Release|Any CPU
		{FA497149-E684-4593-AF5E-BD32331A54A6}.Release|Any CPU.Build.0 = Release|Any CPU
		{FA497149-E684-4593-AF5E-BD32331A54A6}.Release|x64.ActiveCfg = Release|Any CPU
		{FA497149-E684-4593-AF5E-BD32331A54A6}.Release|x64.Build.0 = Release|Any CPU
		{BC1088A9-D8CA-4155-BB4D-61AEB9CC6047}.Debug|Any CPU.ActiveCfg = Debug|Any CPU
		{BC1088A9-D8CA-4155-BB4D-61AEB9CC6047}.Debug|Any CPU.Build.0 = Debug|Any CPU
		{BC1088A9-D8CA-4155-BB4D-61AEB9CC6047}.Debug|x64.ActiveCfg = Debug|Any CPU
		{BC1088A9-D8CA-4155-BB4D-61AEB9CC6047}.Debug|x64.Build.0 = Debug|Any CPU
		{BC1088A9-D8CA-4155-BB4D-61AEB9CC6047}.Release|Any CPU.ActiveCfg = Release|Any CPU
		{BC1088A9-D8CA-4155-BB4D-61AEB9CC6047}.Release|Any CPU.Build.0 = Release|Any CPU
		{BC1088A9-D8CA-4155-BB4D-61AEB9CC6047}.Release|x64.ActiveCfg = Release|Any CPU
		{BC1088A9-D8CA-4155-BB4D-61AEB9CC6047}.Release|x64.Build.0 = Release|Any CPU
		{B3C32C2C-58FA-4579-A46F-19A05C3E8992}.Debug|Any CPU.ActiveCfg = Debug|Any CPU
		{B3C32C2C-58FA-4579-A46F-19A05C3E8992}.Debug|Any CPU.Build.0 = Debug|Any CPU
		{B3C32C2C-58FA-4579-A46F-19A05C3E8992}.Debug|x64.ActiveCfg = Debug|Any CPU
		{B3C32C2C-58FA-4579-A46F-19A05C3E8992}.Debug|x64.Build.0 = Debug|Any CPU
		{B3C32C2C-58FA-4579-A46F-19A05C3E8992}.Release|Any CPU.ActiveCfg = Release|Any CPU
		{B3C32C2C-58FA-4579-A46F-19A05C3E8992}.Release|Any CPU.Build.0 = Release|Any CPU
		{B3C32C2C-58FA-4579-A46F-19A05C3E8992}.Release|x64.ActiveCfg = Release|Any CPU
		{B3C32C2C-58FA-4579-A46F-19A05C3E8992}.Release|x64.Build.0 = Release|Any CPU
		{07D4106E-4F6E-4449-8637-80C19E1D547E}.Debug|Any CPU.ActiveCfg = Debug|Any CPU
		{07D4106E-4F6E-4449-8637-80C19E1D547E}.Debug|Any CPU.Build.0 = Debug|Any CPU
		{07D4106E-4F6E-4449-8637-80C19E1D547E}.Debug|x64.ActiveCfg = Debug|Any CPU
		{07D4106E-4F6E-4449-8637-80C19E1D547E}.Debug|x64.Build.0 = Debug|Any CPU
		{07D4106E-4F6E-4449-8637-80C19E1D547E}.Release|Any CPU.ActiveCfg = Release|Any CPU
		{07D4106E-4F6E-4449-8637-80C19E1D547E}.Release|Any CPU.Build.0 = Release|Any CPU
		{07D4106E-4F6E-4449-8637-80C19E1D547E}.Release|x64.ActiveCfg = Release|Any CPU
		{07D4106E-4F6E-4449-8637-80C19E1D547E}.Release|x64.Build.0 = Release|Any CPU
	EndGlobalSection
	GlobalSection(SolutionProperties) = preSolution
		HideSolutionNode = FALSE
	EndGlobalSection
	GlobalSection(ExtensibilityGlobals) = postSolution
		SolutionGuid = {3FE79294-1363-4B8A-904A-CEAFBF5C22B7}
	EndGlobalSection
EndGlobal
